
Microsoft Visual Studio Solution File, Format Version 12.00
# Visual Studio Version 16
VisualStudioVersion = 16.0.31005.135
MinimumVisualStudioVersion = 10.0.40219.1
Project("{FAE04EC0-301F-11D3-BF4B-00C04F79EFBC}") = "Project_app", "Project_app\Project_app.csproj", "{2EB66D63-F384-4BBC-9A11-F033C9D97FDE}"
EndProject
Global
	GlobalSection(SolutionConfigurationPlatforms) = preSolution
		Debug|Any CPU = Debug|Any CPU
		Release|Any CPU = Release|Any CPU
	EndGlobalSection
	GlobalSection(ProjectConfigurationPlatforms) = postSolution
		{2EB66D63-F384-4BBC-9A11-F033C9D97FDE}.Debug|Any CPU.ActiveCfg = Debug|Any CPU
		{2EB66D63-F384-4BBC-9A11-F033C9D97FDE}.Debug|Any CPU.Build.0 = Debug|Any CPU
		{2EB66D63-F384-4BBC-9A11-F033C9D97FDE}.Release|Any CPU.ActiveCfg = Release|Any CPU
		{2EB66D63-F384-4BBC-9A11-F033C9D97FDE}.Release|Any CPU.Build.0 = Release|Any CPU
	EndGlobalSection
	GlobalSection(SolutionProperties) = preSolution
		HideSolutionNode = FALSE
	EndGlobalSection
	GlobalSection(ExtensibilityGlobals) = postSolution
		SolutionGuid = {8F1703AC-2422-4581-8915-B83D496398A8}
	EndGlobalSection
EndGlobal
